{
  "name": "lurestakemint-ar",
  "version": "1.0.0",
  "lockfileVersion": 3,
  "requires": true,
  "packages": {
    "": {
      "name": "lurestakemint-ar",
      "version": "1.0.0",
      "license": "MIT",
      "dependencies": {
        "@worldcoin/idkit-core": "^4.1.0",
        "dotenv": "^17.4.0"
      }
    },
    "node_modules/@noble/hashes": {
      "version": "1.8.0",
      "resolved": "https://registry.npmjs.org/@noble/hashes/-/hashes-1.8.0.tgz",
      "integrity": "sha512-jCs9ldd7NwzpgXDIf6P3+NrHh9/sD6CQdxHyjQI+h/6rDNo88ypBxxz45UDuZHz9r3tNz7N/VInSVoVdtXEI4A==",
      "license": "MIT",
      "engines": {
        "node": "^14.21.3 || >=16"
      },
      "funding": {
        "url": "https://paulmillr.com/funding/"
      }
    },
    "node_modules/@noble/secp256k1": {
      "version": "2.3.0",
      "resolved": "https://registry.npmjs.org/@noble/secp256k1/-/secp256k1-2.3.0.tgz",
      "integrity": "sha512-0TQed2gcBbIrh7Ccyw+y/uZQvbJwm7Ao4scBUxqpBCcsOlZG0O4KGfjtNAy/li4W8n1xt3dxrwJ0beZ2h2G6Kw==",
      "license": "MIT",
      "funding": {
        "url": "https://paulmillr.com/funding/"
      }
    },
    "node_modules/@worldcoin/idkit-core": {
      "version": "4.1.0",
      "resolved": "https://registry.npmjs.org/@worldcoin/idkit-core/-/idkit-core-4.1.0.tgz",
      "integrity": "sha512-67jKxcctgc4sHI/x1Vh9QQ0gYPyZoahJQc05qoKe/UPudNI+lq+fMYYqutQ2xuQah5m6cCFpVzFhm+ApndyLMA==",
      "license": "MIT",
      "dependencies": {
        "@noble/hashes": "^1.7.2",
        "@worldcoin/idkit-server": "1.1.0"
      }
    },
    "node_modules/@worldcoin/idkit-server": {
      "version": "1.1.0",
      "resolved": "https://registry.npmjs.org/@worldcoin/idkit-server/-/idkit-server-1.1.0.tgz",
      "integrity": "sha512-x+SNGWjzP9WGcFYcpbM6mM5VsB/SKKay3HHKriuEAg6w4WALTVDrz5lhi8eijaDr0f706SbMZfDGfT9c+ELiXw==",
      "license": "MIT",
      "dependencies": {
        "@noble/hashes": "^1.7.2",
        "@noble/secp256k1": "^2.2.3"
      },
      "engines": {
        "node": ">=18"
      }
    },
    "node_modules/dotenv": {
      "version": "17.4.0",
      "resolved": "https://registry.npmjs.org/dotenv/-/dotenv-17.4.0.tgz",
      "integrity": "sha512-kCKF62fwtzwYm0IGBNjRUjtJgMfGapII+FslMHIjMR5KTnwEmBmWLDRSnc3XSNP8bNy34tekgQyDT0hr7pERRQ==",
      "license": "BSD-2-Clause",
      "engines": {
        "node": ">=12"
      },
      "funding": {
        "url": "https://dotenvx.com"
      }
    }
  }
}
